// !$*UTF8*$!
{
	archiveVersion = 1;
	classes = {
	};
	objectVersion = 55;
	objects = {

/* Begin PBXBuildFile section */
		AC3187E627FF2AAF00D9BF30 /* AppDelegate.swift in Sources */ = {isa = PBXBuildFile; fileRef = AC3187E527FF2AAF00D9BF30 /* AppDelegate.swift */; };
		AC3187E827FF2AAF00D9BF30 /* SceneDelegate.swift in Sources */ = {isa = PBXBuildFile; fileRef = AC3187E727FF2AAF00D9BF30 /* SceneDelegate.swift */; };
		AC3187EA27FF2AAF00D9BF30 /* ViewController.swift in Sources */ = {isa = PBXBuildFile; fileRef = AC3187E927FF2AAF00D9BF30 /* ViewController.swift */; };
		AC3187EF27FF2AB000D9BF30 /* Assets.xcassets in Resources */ = {isa = PBXBuildFile; fileRef = AC3187EE27FF2AB000D9BF30 /* Assets.xcassets */; };
		AC3187F227FF2AB000D9BF30 /* LaunchScreen.storyboard in Resources */ = {isa = PBXBuildFile; fileRef = AC3187F027FF2AB000D9BF30 /* LaunchScreen.storyboard */; };
		AC3187FC280030B000D9BF30 /* Channel.swift in Sources */ = {isa = PBXBuildFile; fileRef = AC3187FB280030AF00D9BF30 /* Channel.swift */; };
		AC3187FE28009E2000D9BF30 /* CollectionViewCell.swift in Sources */ = {isa = PBXBuildFile; fileRef = AC3187FD28009E2000D9BF30 /* CollectionViewCell.swift */; };
		AC3188002800A1B800D9BF30 /* View.swift in Sources */ = {isa = PBXBuildFile; fileRef = AC3187FF2800A1B800D9BF30 /* View.swift */; };
		AC3188032800A1EC00D9BF30 /* Assembly.swift in Sources */ = {isa = PBXBuildFile; fileRef = AC3188022800A1EC00D9BF30 /* Assembly.swift */; };
		AC3188052800A1FB00D9BF30 /* Router.swift in Sources */ = {isa = PBXBuildFile; fileRef = AC3188042800A1FB00D9BF30 /* Router.swift */; };
		AC3188072800A20900D9BF30 /* Presenter.swift in Sources */ = {isa = PBXBuildFile; fileRef = AC3188062800A20900D9BF30 /* Presenter.swift */; };
		AC3188092800A21700D9BF30 /* Model.swift in Sources */ = {isa = PBXBuildFile; fileRef = AC3188082800A21700D9BF30 /* Model.swift */; };
		AC31880C2800A27900D9BF30 /* DetailViewController.swift in Sources */ = {isa = PBXBuildFile; fileRef = AC31880B2800A27900D9BF30 /* DetailViewController.swift */; };
		AC31880E2800AF6D00D9BF30 /* Network.swift in Sources */ = {isa = PBXBuildFile; fileRef = AC31880D2800AF6D00D9BF30 /* Network.swift */; };
		AC3188122800C2E100D9BF30 /* Extention.swift in Sources */ = {isa = PBXBuildFile; fileRef = AC3188112800C2E100D9BF30 /* Extention.swift */; };
		AC31881428036C6800D9BF30 /* CustomSegmentedControl.swift in Sources */ = {isa = PBXBuildFile; fileRef = AC31881328036C6800D9BF30 /* CustomSegmentedControl.swift */; };
		AC31881728046B9C00D9BF30 /* DetailView.swift in Sources */ = {isa = PBXBuildFile; fileRef = AC31881628046B9C00D9BF30 /* DetailView.swift */; };
		AC31881928046C7D00D9BF30 /* DetailModel.swift in Sources */ = {isa = PBXBuildFile; fileRef = AC31881828046C7D00D9BF30 /* DetailModel.swift */; };
		AC31881B2804780C00D9BF30 /* DetailPresenter.swift in Sources */ = {isa = PBXBuildFile; fileRef = AC31881A2804780C00D9BF30 /* DetailPresenter.swift */; };
		AC31881D2804B52A00D9BF30 /* SettingsTableViewController.swift in Sources */ = {isa = PBXBuildFile; fileRef = AC31881C2804B52A00D9BF30 /* SettingsTableViewController.swift */; };
		AC31881F2805619500D9BF30 /* Favorites.swift in Sources */ = {isa = PBXBuildFile; fileRef = AC31881E2805619500D9BF30 /* Favorites.swift */; };
		AC3188212805D93200D9BF30 /* DataProvider.swift in Sources */ = {isa = PBXBuildFile; fileRef = AC3188202805D93200D9BF30 /* DataProvider.swift */; };
/* End PBXBuildFile section */

/* Begin PBXFileReference section */
		AC3187E227FF2AAF00D9BF30 /* TV.app */ = {isa = PBXFileReference; explicitFileType = wrapper.application; includeInIndex = 0; path = TV.app; sourceTree = BUILT_PRODUCTS_DIR; };
		AC3187E527FF2AAF00D9BF30 /* AppDelegate.swift */ = {isa = PBXFileReference; lastKnownFileType = sourcecode.swift; path = AppDelegate.swift; sourceTree = "<group>"; };
		AC3187E727FF2AAF00D9BF30 /* SceneDelegate.swift */ = {isa = PBXFileReference; lastKnownFileType = sourcecode.swift; path = SceneDelegate.swift; sourceTree = "<group>"; };
		AC3187E927FF2AAF00D9BF30 /* ViewController.swift */ = {isa = PBXFileReference; lastKnownFileType = sourcecode.swift; path = ViewController.swift; sourceTree = "<group>"; };
		AC3187EE27FF2AB000D9BF30 /* Assets.xcassets */ = {isa = PBXFileReference; lastKnownFileType = folder.assetcatalog; path = Assets.xcassets; sourceTree = "<group>"; };
		AC3187F127FF2AB000D9BF30 /* Base */ = {isa = PBXFileReference; lastKnownFileType = file.storyboard; name = Base; path = Base.lproj/LaunchScreen.storyboard; sourceTree = "<group>"; };
		AC3187F327FF2AB000D9BF30 /* Info.plist */ = {isa = PBXFileReference; lastKnownFileType = text.plist.xml; path = Info.plist; sourceTree = "<group>"; };
		AC3187FB280030AF00D9BF30 /* Channel.swift */ = {isa = PBXFileReference; lastKnownFileType = sourcecode.swift; path = Channel.swift; sourceTree = "<group>"; };
		AC3187FD28009E2000D9BF30 /* CollectionViewCell.swift */ = {isa = PBXFileReference; lastKnownFileType = sourcecode.swift; path = CollectionViewCell.swift; sourceTree = "<group>"; };
		AC3187FF2800A1B800D9BF30 /* View.swift */ = {isa = PBXFileReference; lastKnownFileType = sourcecode.swift; path = View.swift; sourceTree = "<group>"; };
		AC3188022800A1EC00D9BF30 /* Assembly.swift */ = {isa = PBXFileReference; lastKnownFileType = sourcecode.swift; path = Assembly.swift; sourceTree = "<group>"; };
		AC3188042800A1FB00D9BF30 /* Router.swift */ = {isa = PBXFileReference; lastKnownFileType = sourcecode.swift; path = Router.swift; sourceTree = "<group>"; };
		AC3188062800A20900D9BF30 /* Presenter.swift */ = {isa = PBXFileReference; lastKnownFileType = sourcecode.swift; path = Presenter.swift; sourceTree = "<group>"; };
		AC3188082800A21700D9BF30 /* Model.swift */ = {isa = PBXFileReference; lastKnownFileType = sourcecode.swift; path = Model.swift; sourceTree = "<group>"; };
		AC31880B2800A27900D9BF30 /* DetailViewController.swift */ = {isa = PBXFileReference; lastKnownFileType = sourcecode.swift; path = DetailViewController.swift; sourceTree = "<group>"; };
		AC31880D2800AF6D00D9BF30 /* Network.swift */ = {isa = PBXFileReference; lastKnownFileType = sourcecode.swift; path = Network.swift; sourceTree = "<group>"; };
		AC3188112800C2E100D9BF30 /* Extention.swift */ = {isa = PBXFileReference; lastKnownFileType = sourcecode.swift; path = Extention.swift; sourceTree = "<group>"; };
		AC31881328036C6800D9BF30 /* CustomSegmentedControl.swift */ = {isa = PBXFileReference; lastKnownFileType = sourcecode.swift; path = CustomSegmentedControl.swift; sourceTree = "<group>"; };
		AC31881628046B9C00D9BF30 /* DetailView.swift */ = {isa = PBXFileReference; lastKnownFileType = sourcecode.swift; path = DetailView.swift; sourceTree = "<group>"; };
		AC31881828046C7D00D9BF30 /* DetailModel.swift */ = {isa = PBXFileReference; lastKnownFileType = sourcecode.swift; path = DetailModel.swift; sourceTree = "<group>"; };
		AC31881A2804780C00D9BF30 /* DetailPresenter.swift */ = {isa = PBXFileReference; lastKnownFileType = sourcecode.swift; path = DetailPresenter.swift; sourceTree = "<group>"; };
		AC31881C2804B52A00D9BF30 /* SettingsTableViewController.swift */ = {isa = PBXFileReference; lastKnownFileType = sourcecode.swift; path = SettingsTableViewController.swift; sourceTree = "<group>"; };
		AC31881E2805619500D9BF30 /* Favorites.swift */ = {isa = PBXFileReference; lastKnownFileType = sourcecode.swift; path = Favorites.swift; sourceTree = "<group>"; };
		AC3188202805D93200D9BF30 /* DataProvider.swift */ = {isa = PBXFileReference; lastKnownFileType = sourcecode.swift; path = DataProvider.swift; sourceTree = "<group>"; };
/* End PBXFileReference section */

/* Begin PBXFrameworksBuildPhase section */
		AC3187DF27FF2AAF00D9BF30 /* Frameworks */ = {
			isa = PBXFrameworksBuildPhase;
			buildActionMask = 2147483647;
			files = (
			);
			runOnlyForDeploymentPostprocessing = 0;
		};
/* End PBXFrameworksBuildPhase section */

/* Begin PBXGroup section */
		AC3187D927FF2AAF00D9BF30 = {
			isa = PBXGroup;
			children = (
				AC3187E427FF2AAF00D9BF30 /* TV */,
				AC3187E327FF2AAF00D9BF30 /* Products */,
			);
			sourceTree = "<group>";
		};
		AC3187E327FF2AAF00D9BF30 /* Products */ = {
			isa = PBXGroup;
			children = (
				AC3187E227FF2AAF00D9BF30 /* TV.app */,
			);
			name = Products;
			sourceTree = "<group>";
		};
		AC3187E427FF2AAF00D9BF30 /* TV */ = {
			isa = PBXGroup;
			children = (
				AC3187E527FF2AAF00D9BF30 /* AppDelegate.swift */,
				AC3187E727FF2AAF00D9BF30 /* SceneDelegate.swift */,
				AC3188012800A1BD00D9BF30 /* MainMenu */,
				AC31880A2800A24100D9BF30 /* Detail */,
				AC3187FB280030AF00D9BF30 /* Channel.swift */,
				AC3188112800C2E100D9BF30 /* Extention.swift */,
				AC31881E2805619500D9BF30 /* Favorites.swift */,
				AC31880D2800AF6D00D9BF30 /* Network.swift */,
				AC3188202805D93200D9BF30 /* DataProvider.swift */,
				AC3187EE27FF2AB000D9BF30 /* Assets.xcassets */,
				AC3187F027FF2AB000D9BF30 /* LaunchScreen.storyboard */,
				AC3187F327FF2AB000D9BF30 /* Info.plist */,
			);
			path = TV;
			sourceTree = "<group>";
		};
		AC3188012800A1BD00D9BF30 /* MainMenu */ = {
			isa = PBXGroup;
			children = (
				AC3188022800A1EC00D9BF30 /* Assembly.swift */,
				AC3188042800A1FB00D9BF30 /* Router.swift */,
				AC3187E927FF2AAF00D9BF30 /* ViewController.swift */,
				AC3188082800A21700D9BF30 /* Model.swift */,
				AC3187FF2800A1B800D9BF30 /* View.swift */,
				AC3188062800A20900D9BF30 /* Presenter.swift */,
				AC3187FD28009E2000D9BF30 /* CollectionViewCell.swift */,
				AC31881328036C6800D9BF30 /* CustomSegmentedControl.swift */,
			);
			path = MainMenu;
			sourceTree = "<group>";
		};
		AC31880A2800A24100D9BF30 /* Detail */ = {
			isa = PBXGroup;
			children = (
				AC31880B2800A27900D9BF30 /* DetailViewController.swift */,
				AC31881828046C7D00D9BF30 /* DetailModel.swift */,
				AC31881628046B9C00D9BF30 /* DetailView.swift */,
				AC31881A2804780C00D9BF30 /* DetailPresenter.swift */,
				AC31881C2804B52A00D9BF30 /* SettingsTableViewController.swift */,
			);
			path = Detail;
			sourceTree = "<group>";
		};
/* End PBXGroup section */

/* Begin PBXNativeTarget section */
		AC3187E127FF2AAF00D9BF30 /* TV */ = {
			isa = PBXNativeTarget;
			buildConfigurationList = AC3187F627FF2AB000D9BF30 /* Build configuration list for PBXNativeTarget "TV" */;
			buildPhases = (
				AC3187DE27FF2AAF00D9BF30 /* Sources */,
				AC3187DF27FF2AAF00D9BF30 /* Frameworks */,
				AC3187E027FF2AAF00D9BF30 /* Resources */,
			);
			buildRules = (
			);
			dependencies = (
			);
			name = TV;
			productName = TV;
			productReference = AC3187E227FF2AAF00D9BF30 /* TV.app */;
			productType = "com.apple.product-type.application";
		};
/* End PBXNativeTarget section */

/* Begin PBXProject section */
		AC3187DA27FF2AAF00D9BF30 /* Project object */ = {
			isa = PBXProject;
			attributes = {
				BuildIndependentTargetsInParallel = 1;
				LastSwiftUpdateCheck = 1330;
				LastUpgradeCheck = 1330;
				TargetAttributes = {
					AC3187E127FF2AAF00D9BF30 = {
						CreatedOnToolsVersion = 13.3;
					};
				};
			};
			buildConfigurationList = AC3187DD27FF2AAF00D9BF30 /* Build configuration list for PBXProject "TV" */;
			compatibilityVersion = "Xcode 13.0";
			developmentRegion = en;
			hasScannedForEncodings = 0;
			knownRegions = (
				en,
				Base,
			);
			mainGroup = AC3187D927FF2AAF00D9BF30;
			productRefGroup = AC3187E327FF2AAF00D9BF30 /* Products */;
			projectDirPath = "";
			projectRoot = "";
			targets = (
				AC3187E127FF2AAF00D9BF30 /* TV */,
			);
		};
/* End PBXProject section */

/* Begin PBXResourcesBuildPhase section */
		AC3187E027FF2AAF00D9BF30 /* Resources */ = {
			isa = PBXResourcesBuildPhase;
			buildActionMask = 2147483647;
			files = (
				AC3187F227FF2AB000D9BF30 /* LaunchScreen.storyboard in Resources */,
				AC3187EF27FF2AB000D9BF30 /* Assets.xcassets in Resources */,
			);
			runOnlyForDeploymentPostprocessing = 0;
		};
/* End PBXResourcesBuildPhase section */

/* Begin PBXSourcesBuildPhase section */
		AC3187DE27FF2AAF00D9BF30 /* Sources */ = {
			isa = PBXSourcesBuildPhase;
			buildActionMask = 2147483647;
			files = (
				AC31881928046C7D00D9BF30 /* DetailModel.swift in Sources */,
				AC31881F2805619500D9BF30 /* Favorites.swift in Sources */,
				AC3188212805D93200D9BF30 /* DataProvider.swift in Sources */,
				AC31880C2800A27900D9BF30 /* DetailViewController.swift in Sources */,
				AC3188072800A20900D9BF30 /* Presenter.swift in Sources */,
				AC31880E2800AF6D00D9BF30 /* Network.swift in Sources */,
				AC3188122800C2E100D9BF30 /* Extention.swift in Sources */,
				AC3188052800A1FB00D9BF30 /* Router.swift in Sources */,
				AC3187FE28009E2000D9BF30 /* CollectionViewCell.swift in Sources */,
				AC3187EA27FF2AAF00D9BF30 /* ViewController.swift in Sources */,
				AC31881D2804B52A00D9BF30 /* SettingsTableViewController.swift in Sources */,
				AC31881428036C6800D9BF30 /* CustomSegmentedControl.swift in Sources */,
				AC3188002800A1B800D9BF30 /* View.swift in Sources */,
				AC3188092800A21700D9BF30 /* Model.swift in Sources */,
				AC3188032800A1EC00D9BF30 /* Assembly.swift in Sources */,
				AC3187FC280030B000D9BF30 /* Channel.swift in Sources */,
				AC3187E627FF2AAF00D9BF30 /* AppDelegate.swift in Sources */,
				AC31881728046B9C00D9BF30 /* DetailView.swift in Sources */,
				AC3187E827FF2AAF00D9BF30 /* SceneDelegate.swift in Sources */,
				AC31881B2804780C00D9BF30 /* DetailPresenter.swift in Sources */,
			);
			runOnlyForDeploymentPostprocessing = 0;
		};
/* End PBXSourcesBuildPhase section */

/* Begin PBXVariantGroup section */
		AC3187F027FF2AB000D9BF30 /* LaunchScreen.storyboard */ = {
			isa = PBXVariantGroup;
			children = (
				AC3187F127FF2AB000D9BF30 /* Base */,
			);
			name = LaunchScreen.storyboard;
			sourceTree = "<group>";
		};
/* End PBXVariantGroup section */

/* Begin XCBuildConfiguration section */
		AC3187F427FF2AB000D9BF30 /* Debug */ = {
			isa = XCBuildConfiguration;
			buildSettings = {
				ALWAYS_SEARCH_USER_PATHS = NO;
				CLANG_ANALYZER_NONNULL = YES;
				CLANG_ANALYZER_NUMBER_OBJECT_CONVERSION = YES_AGGRESSIVE;
				CLANG_CXX_LANGUAGE_STANDARD = "gnu++17";
				CLANG_ENABLE_MODULES = YES;
				CLANG_ENABLE_OBJC_ARC = YES;
				CLANG_ENABLE_OBJC_WEAK = YES;
				CLANG_WARN_BLOCK_CAPTURE_AUTORELEASING = YES;
				CLANG_WARN_BOOL_CONVERSION = YES;
				CLANG_WARN_COMMA = YES;
				CLANG_WARN_CONSTANT_CONVERSION = YES;
				CLANG_WARN_DEPRECATED_OBJC_IMPLEMENTATIONS = YES;
				CLANG_WARN_DIRECT_OBJC_ISA_USAGE = YES_ERROR;
				CLANG_WARN_DOCUMENTATION_COMMENTS = YES;
				CLANG_WARN_EMPTY_BODY = YES;
				CLANG_WARN_ENUM_CONVERSION = YES;
				CLANG_WARN_INFINITE_RECURSION = YES;
				CLANG_WARN_INT_CONVERSION = YES;
				CLANG_WARN_NON_LITERAL_NULL_CONVERSION = YES;
				CLANG_WARN_OBJC_IMPLICIT_RETAIN_SELF = YES;
				CLANG_WARN_OBJC_LITERAL_CONVERSION = YES;
				CLANG_WARN_OBJC_ROOT_CLASS = YES_ERROR;
				CLANG_WARN_QUOTED_INCLUDE_IN_FRAMEWORK_HEADER = YES;
				CLANG_WARN_RANGE_LOOP_ANALYSIS = YES;
				CLANG_WARN_STRICT_PROTOTYPES = YES;
				CLANG_WARN_SUSPICIOUS_MOVE = YES;
				CLANG_WARN_UNGUARDED_AVAILABILITY = YES_AGGRESSIVE;
				CLANG_WARN_UNREACHABLE_CODE = YES;
				CLANG_WARN__DUPLICATE_METHOD_MATCH = YES;
				COPY_PHASE_STRIP = NO;
				DEBUG_INFORMATION_FORMAT = dwarf;
				ENABLE_STRICT_OBJC_MSGSEND = YES;
				ENABLE_TESTABILITY = YES;
				GCC_C_LANGUAGE_STANDARD = gnu11;
				GCC_DYNAMIC_NO_PIC = NO;
				GCC_NO_COMMON_BLOCKS = YES;
				GCC_OPTIMIZATION_LEVEL = 0;
				GCC_PREPROCESSOR_DEFINITIONS = (
					"DEBUG=1",
					"$(inherited)",
				);
				GCC_WARN_64_TO_32_BIT_CONVERSION = YES;
				GCC_WARN_ABOUT_RETURN_TYPE = YES_ERROR;
				GCC_WARN_UNDECLARED_SELECTOR = YES;
				GCC_WARN_UNINITIALIZED_AUTOS = YES_AGGRESSIVE;
				GCC_WARN_UNUSED_FUNCTION = YES;
				GCC_WARN_UNUSED_VARIABLE = YES;
				IPHONEOS_DEPLOYMENT_TARGET = 15.4;
				MTL_ENABLE_DEBUG_INFO = INCLUDE_SOURCE;
				MTL_FAST_MATH = YES;
				ONLY_ACTIVE_ARCH = YES;
				SDKROOT = iphoneos;
				SWIFT_ACTIVE_COMPILATION_CONDITIONS = DEBUG;
				SWIFT_OPTIMIZATION_LEVEL = "-Onone";
			};
			name = Debug;
		};
		AC3187F527FF2AB000D9BF30 /* Release */ = {
			isa = XCBuildConfiguration;
			buildSettings = {
				ALWAYS_SEARCH_USER_PATHS = NO;
				CLANG_ANALYZER_NONNULL = YES;
				CLANG_ANALYZER_NUMBER_OBJECT_CONVERSION = YES_AGGRESSIVE;
				CLANG_CXX_LANGUAGE_STANDARD = "gnu++17";
				CLANG_ENABLE_MODULES = YES;
				CLANG_ENABLE_OBJC_ARC = YES;
				CLANG_ENABLE_OBJC_WEAK = YES;
				CLANG_WARN_BLOCK_CAPTURE_AUTORELEASING = YES;
				CLANG_WARN_BOOL_CONVERSION = YES;
				CLANG_WARN_COMMA = YES;
				CLANG_WARN_CONSTANT_CONVERSION = YES;
				CLANG_WARN_DEPRECATED_OBJC_IMPLEMENTATIONS = YES;
				CLANG_WARN_DIRECT_OBJC_ISA_USAGE = YES_ERROR;
				CLANG_WARN_DOCUMENTATION_COMMENTS = YES;
				CLANG_WARN_EMPTY_BODY = YES;
				CLANG_WARN_ENUM_CONVERSION = YES;
				CLANG_WARN_INFINITE_RECURSION = YES;
				CLANG_WARN_INT_CONVERSION = YES;
				CLANG_WARN_NON_LITERAL_NULL_CONVERSION = YES;
				CLANG_WARN_OBJC_IMPLICIT_RETAIN_SELF = YES;
				CLANG_WARN_OBJC_LITERAL_CONVERSION = YES;
				CLANG_WARN_OBJC_ROOT_CLASS = YES_ERROR;
				CLANG_WARN_QUOTED_INCLUDE_IN_FRAMEWORK_HEADER = YES;
				CLANG_WARN_RANGE_LOOP_ANALYSIS = YES;
				CLANG_WARN_STRICT_PROTOTYPES = YES;
				CLANG_WARN_SUSPICIOUS_MOVE = YES;
				CLANG_WARN_UNGUARDED_AVAILABILITY = YES_AGGRESSIVE;
				CLANG_WARN_UNREACHABLE_CODE = YES;
				CLANG_WARN__DUPLICATE_METHOD_MATCH = YES;
				COPY_PHASE_STRIP = NO;
				DEBUG_INFORMATION_FORMAT = "dwarf-with-dsym";
				ENABLE_NS_ASSERTIONS = NO;
				ENABLE_STRICT_OBJC_MSGSEND = YES;
				GCC_C_LANGUAGE_STANDARD = gnu11;
				GCC_NO_COMMON_BLOCKS = YES;
				GCC_WARN_64_TO_32_BIT_CONVERSION = YES;
				GCC_WARN_ABOUT_RETURN_TYPE = YES_ERROR;
				GCC_WARN_UNDECLARED_SELECTOR = YES;
				GCC_WARN_UNINITIALIZED_AUTOS = YES_AGGRESSIVE;
				GCC_WARN_UNUSED_FUNCTION = YES;
				GCC_WARN_UNUSED_VARIABLE = YES;
				IPHONEOS_DEPLOYMENT_TARGET = 15.4;
				MTL_ENABLE_DEBUG_INFO = NO;
				MTL_FAST_MATH = YES;
				SDKROOT = iphoneos;
				SWIFT_COMPILATION_MODE = wholemodule;
				SWIFT_OPTIMIZATION_LEVEL = "-O";
				VALIDATE_PRODUCT = YES;
			};
			name = Release;
		};
		AC3187F727FF2AB000D9BF30 /* Debug */ = {
			isa = XCBuildConfiguration;
			buildSettings = {
				ASSETCATALOG_COMPILER_APPICON_NAME = AppIcon;
				ASSETCATALOG_COMPILER_GLOBAL_ACCENT_COLOR_NAME = AccentColor;
				CODE_SIGN_STYLE = Automatic;
				CURRENT_PROJECT_VERSION = 1;
				DEVELOPMENT_TEAM = RWNR5M53QM;
				GENERATE_INFOPLIST_FILE = YES;
				INFOPLIST_FILE = TV/Info.plist;
				INFOPLIST_KEY_UIApplicationSupportsIndirectInputEvents = YES;
				INFOPLIST_KEY_UILaunchStoryboardName = LaunchScreen;
				INFOPLIST_KEY_UISupportedInterfaceOrientations = "UIInterfaceOrientationPortrait UIInterfaceOrientationLandscapeLeft UIInterfaceOrientationPortraitUpsideDown UIInterfaceOrientationLandscapeRight";
				INFOPLIST_KEY_UISupportedInterfaceOrientations_iPad = "UIInterfaceOrientationPortrait UIInterfaceOrientationPortraitUpsideDown UIInterfaceOrientationLandscapeLeft UIInterfaceOrientationLandscapeRight";
				INFOPLIST_KEY_UISupportedInterfaceOrientations_iPhone = "UIInterfaceOrientationPortrait UIInterfaceOrientationLandscapeLeft UIInterfaceOrientationLandscapeRight";
				LD_RUNPATH_SEARCH_PATHS = (
					"$(inherited)",
					"@executable_path/Frameworks",
				);
				MARKETING_VERSION = 1.0;
				PRODUCT_BUNDLE_IDENTIFIER = AS.TV;
				PRODUCT_NAME = "$(TARGET_NAME)";
				SWIFT_EMIT_LOC_STRINGS = YES;
				SWIFT_VERSION = 5.0;
				TARGETED_DEVICE_FAMILY = 1;
			};
			name = Debug;
		};
		AC3187F827FF2AB000D9BF30 /* Release */ = {
			isa = XCBuildConfiguration;
			buildSettings = {
				ASSETCATALOG_COMPILER_APPICON_NAME = AppIcon;
				ASSETCATALOG_COMPILER_GLOBAL_ACCENT_COLOR_NAME = AccentColor;
				CODE_SIGN_STYLE = Automatic;
				CURRENT_PROJECT_VERSION = 1;
				DEVELOPMENT_TEAM = RWNR5M53QM;
				GENERATE_INFOPLIST_FILE = YES;
				INFOPLIST_FILE = TV/Info.plist;
				INFOPLIST_KEY_UIApplicationSupportsIndirectInputEvents = YES;
				INFOPLIST_KEY_UILaunchStoryboardName = LaunchScreen;
				INFOPLIST_KEY_UISupportedInterfaceOrientations = "UIInterfaceOrientationPortrait UIInterfaceOrientationLandscapeLeft UIInterfaceOrientationPortraitUpsideDown UIInterfaceOrientationLandscapeRight";
				INFOPLIST_KEY_UISupportedInterfaceOrientations_iPad = "UIInterfaceOrientationPortrait UIInterfaceOrientationPortraitUpsideDown UIInterfaceOrientationLandscapeLeft UIInterfaceOrientationLandscapeRight";
				INFOPLIST_KEY_UISupportedInterfaceOrientations_iPhone = "UIInterfaceOrientationPortrait UIInterfaceOrientationLandscapeLeft UIInterfaceOrientationLandscapeRight";
				LD_RUNPATH_SEARCH_PATHS = (
					"$(inherited)",
					"@executable_path/Frameworks",
				);
				MARKETING_VERSION = 1.0;
				PRODUCT_BUNDLE_IDENTIFIER = AS.TV;
				PRODUCT_NAME = "$(TARGET_NAME)";
				SWIFT_EMIT_LOC_STRINGS = YES;
				SWIFT_VERSION = 5.0;
				TARGETED_DEVICE_FAMILY = 1;
			};
			name = Release;
		};
/* End XCBuildConfiguration section */

/* Begin XCConfigurationList section */
		AC3187DD27FF2AAF00D9BF30 /* Build configuration list for PBXProject "TV" */ = {
			isa = XCConfigurationList;
			buildConfigurations = (
				AC3187F427FF2AB000D9BF30 /* Debug */,
				AC3187F527FF2AB000D9BF30 /* Release */,
			);
			defaultConfigurationIsVisible = 0;
			defaultConfigurationName = Release;
		};
		AC3187F627FF2AB000D9BF30 /* Build configuration list for PBXNativeTarget "TV" */ = {
			isa = XCConfigurationList;
			buildConfigurations = (
				AC3187F727FF2AB000D9BF30 /* Debug */,
				AC3187F827FF2AB000D9BF30 /* Release */,
			);
			defaultConfigurationIsVisible = 0;
			defaultConfigurationName = Release;
		};
/* End XCConfigurationList section */
	};
	rootObject = AC3187DA27FF2AAF00D9BF30 /* Project object */;
}
